
Microsoft Visual Studio Solution File, Format Version 12.00
# Visual Studio Version 17
VisualStudioVersion = 17.8.34330.188
MinimumVisualStudioVersion = 10.0.40219.1
Project("{FAE04EC0-301F-11D3-BF4B-00C04F79EFBC}") = "EspConverter", "EspConverter.csproj", "{21167841-623D-4914-8960-28491DE16FF5}"
EndProject
Global
	GlobalSection(SolutionConfigurationPlatforms) = preSolution
		Debug|Any CPU = Debug|Any CPU
		Release|Any CPU = Release|Any CPU
	EndGlobalSection
	GlobalSection(ProjectConfigurationPlatforms) = postSolution
		{21167841-623D-4914-8960-28491DE16FF5}.Debug|Any CPU.ActiveCfg = Debug|Any CPU
		{21167841-623D-4914-8960-28491DE16FF5}.Debug|Any CPU.Build.0 = Debug|Any CPU
		{21167841-623D-4914-8960-28491DE16FF5}.Release|Any CPU.ActiveCfg = Release|Any CPU
		{21167841-623D-4914-8960-28491DE16FF5}.Release|Any CPU.Build.0 = Release|Any CPU
	EndGlobalSection
	GlobalSection(SolutionProperties) = preSolution
		HideSolutionNode = FALSE
	EndGlobalSection
	GlobalSection(ExtensibilityGlobals) = postSolution
		SolutionGuid = {9D06B8D7-26A2-49BF-8737-80EABF3413A1}
	EndGlobalSection
EndGlobal
